
Microsoft Visual Studio Solution File, Format Version 12.00
# Visual Studio 15
VisualStudioVersion = 15.0.27428.2015
MinimumVisualStudioVersion = 10.0.40219.1
Project("{FAE04EC0-301F-11D3-BF4B-00C04F79EFBC}") = "Biz.Model", "Biz.Model\Biz.Model.csproj", "{E74B26B6-B9EE-4675-831A-879FF0F54A78}"
EndProject
Project("{FAE04EC0-301F-11D3-BF4B-00C04F79EFBC}") = "Biz.Service", "Biz.Service\Biz.Service.csproj", "{1DE5612A-CC48-48DF-99B7-A564A0C83C64}"
EndProject
Project("{FAE04EC0-301F-11D3-BF4B-00C04F79EFBC}") = "Biz.WebApp", "Biz.WebApp\Biz.WebApp.csproj", "{2E6E56A0-4A0E-45E8-8986-C8E2AFA9D7FA}"
EndProject
Project("{FAE04EC0-301F-11D3-BF4B-00C04F79EFBC}") = "DomBehind.Plugin.SignaturePad", "DomBehind.Plugin.SignaturePad\DomBehind.Plugin.SignaturePad.csproj", "{2574F603-4B6C-4A30-BFDD-E3BC09EEDFDF}"
EndProject
Project("{FAE04EC0-301F-11D3-BF4B-00C04F79EFBC}") = "DomBehind.Plugin.W2UI", "DomBehind.Plugin.W2UI\DomBehind.Plugin.W2UI.csproj", "{2402FAFD-FAC6-498D-B4BE-25103B57F261}"
EndProject
Project("{FAE04EC0-301F-11D3-BF4B-00C04F79EFBC}") = "DomBehind.Plugin.Bootstrap", "DomBehind.Plugin.Bootstrap\DomBehind.Plugin.Bootstrap.csproj", "{2868DE82-8640-4622-8B85-C7B3AD3D4A40}"
EndProject
Project("{FAE04EC0-301F-11D3-BF4B-00C04F79EFBC}") = "DomBehind.Plugin.JQueryUI", "DomBehind.Plugin.JQueryUI\DomBehind.Plugin.JQueryUI.csproj", "{166B304A-CE80-4B31-85CA-5BEE98ABAAE7}"
EndProject
Project("{FAE04EC0-301F-11D3-BF4B-00C04F79EFBC}") = "DomBehind.Plugin.FullCalendar", "DomBehind.Plugin.FullCalendar\DomBehind.Plugin.FullCalendar.csproj", "{51A1569D-B0CE-46DD-A2BC-57AA49F917F0}"
EndProject
Project("{FAE04EC0-301F-11D3-BF4B-00C04F79EFBC}") = "DomBehind.Plugin.ChartJS", "DomBehind.Plugin.ChartJS\DomBehind.Plugin.ChartJS.csproj", "{5B7FE29A-55ED-4B13-98C0-5226F8B0C04E}"
EndProject
Project("{2150E333-8FDC-42A3-9474-1A3956D46DE8}") = "Plugin", "Plugin", "{8A34D678-C6BF-4705-9944-83E258B4A9E1}"
EndProject
Project("{FAE04EC0-301F-11D3-BF4B-00C04F79EFBC}") = "DomBehind", "DomBehind\DomBehind.csproj", "{40F75256-8346-40D2-A32D-8FA9344A9AF3}"
EndProject
Project("{2150E333-8FDC-42A3-9474-1A3956D46DE8}") = "Gallery", "Gallery", "{092598F2-9338-4A67-A29F-B99A715FF698}"
EndProject
Project("{2150E333-8FDC-42A3-9474-1A3956D46DE8}") = "dotnet", "dotnet", "{B899E4C4-DD87-4204-A5D2-3AB7CA22E3AF}"
EndProject
Project("{2150E333-8FDC-42A3-9474-1A3956D46DE8}") = "dotnet core", "dotnet core", "{EC1F810C-4595-4519-B3CA-96886E48D460}"
EndProject
Project("{FAE04EC0-301F-11D3-BF4B-00C04F79EFBC}") = "Gallery.Model", "Gallery\dotnet\Gallery.Model\Gallery.Model.csproj", "{F3DC3628-9C5B-4ED6-AC60-4E1213ACE4B8}"
EndProject
Project("{FAE04EC0-301F-11D3-BF4B-00C04F79EFBC}") = "Gallery.Service", "Gallery\dotnet\Gallery.Service\Gallery.Service.csproj", "{04315E2A-2F45-44C2-A28E-B4EEE0E556BD}"
EndProject
Project("{FAE04EC0-301F-11D3-BF4B-00C04F79EFBC}") = "Gallery.Facade", "Gallery\dotnet\Gallery.Facade\Gallery.Facade.csproj", "{DC1B8559-6C05-40F2-A2EB-2BD8B7F4D22F}"
EndProject
Project("{FAE04EC0-301F-11D3-BF4B-00C04F79EFBC}") = "Gallery.WebApp", "Gallery\dotnet\Gallery.WebApp\Gallery.WebApp.csproj", "{88DE0D9F-86A2-444B-8A79-3F65442120AB}"
EndProject
Global
	GlobalSection(SolutionConfigurationPlatforms) = preSolution
		Debug|Any CPU = Debug|Any CPU
		Release|Any CPU = Release|Any CPU
	EndGlobalSection
	GlobalSection(ProjectConfigurationPlatforms) = postSolution
		{E74B26B6-B9EE-4675-831A-879FF0F54A78}.Debug|Any CPU.ActiveCfg = Debug|Any CPU
		{E74B26B6-B9EE-4675-831A-879FF0F54A78}.Debug|Any CPU.Build.0 = Debug|Any CPU
		{E74B26B6-B9EE-4675-831A-879FF0F54A78}.Release|Any CPU.ActiveCfg = Release|Any CPU
		{E74B26B6-B9EE-4675-831A-879FF0F54A78}.Release|Any CPU.Build.0 = Release|Any CPU
		{1DE5612A-CC48-48DF-99B7-A564A0C83C64}.Debug|Any CPU.ActiveCfg = Debug|Any CPU
		{1DE5612A-CC48-48DF-99B7-A564A0C83C64}.Debug|Any CPU.Build.0 = Debug|Any CPU
		{1DE5612A-CC48-48DF-99B7-A564A0C83C64}.Release|Any CPU.ActiveCfg = Release|Any CPU
		{1DE5612A-CC48-48DF-99B7-A564A0C83C64}.Release|Any CPU.Build.0 = Release|Any CPU
		{2E6E56A0-4A0E-45E8-8986-C8E2AFA9D7FA}.Debug|Any CPU.ActiveCfg = Debug|Any CPU
		{2E6E56A0-4A0E-45E8-8986-C8E2AFA9D7FA}.Debug|Any CPU.Build.0 = Debug|Any CPU
		{2E6E56A0-4A0E-45E8-8986-C8E2AFA9D7FA}.Release|Any CPU.ActiveCfg = Release|Any CPU
		{2E6E56A0-4A0E-45E8-8986-C8E2AFA9D7FA}.Release|Any CPU.Build.0 = Release|Any CPU
		{2574F603-4B6C-4A30-BFDD-E3BC09EEDFDF}.Debug|Any CPU.ActiveCfg = Debug|Any CPU
		{2574F603-4B6C-4A30-BFDD-E3BC09EEDFDF}.Debug|Any CPU.Build.0 = Debug|Any CPU
		{2574F603-4B6C-4A30-BFDD-E3BC09EEDFDF}.Release|Any CPU.ActiveCfg = Release|Any CPU
		{2574F603-4B6C-4A30-BFDD-E3BC09EEDFDF}.Release|Any CPU.Build.0 = Release|Any CPU
		{2402FAFD-FAC6-498D-B4BE-25103B57F261}.Debug|Any CPU.ActiveCfg = Debug|Any CPU
		{2402FAFD-FAC6-498D-B4BE-25103B57F261}.Debug|Any CPU.Build.0 = Debug|Any CPU
		{2402FAFD-FAC6-498D-B4BE-25103B57F261}.Release|Any CPU.ActiveCfg = Release|Any CPU
		{2402FAFD-FAC6-498D-B4BE-25103B57F261}.Release|Any CPU.Build.0 = Release|Any CPU
		{2868DE82-8640-4622-8B85-C7B3AD3D4A40}.Debug|Any CPU.ActiveCfg = Debug|Any CPU
		{2868DE82-8640-4622-8B85-C7B3AD3D4A40}.Debug|Any CPU.Build.0 = Debug|Any CPU
		{2868DE82-8640-4622-8B85-C7B3AD3D4A40}.Release|Any CPU.ActiveCfg = Release|Any CPU
		{2868DE82-8640-4622-8B85-C7B3AD3D4A40}.Release|Any CPU.Build.0 = Release|Any CPU
		{166B304A-CE80-4B31-85CA-5BEE98ABAAE7}.Debug|Any CPU.ActiveCfg = Debug|Any CPU
		{166B304A-CE80-4B31-85CA-5BEE98ABAAE7}.Debug|Any CPU.Build.0 = Debug|Any CPU
		{166B304A-CE80-4B31-85CA-5BEE98ABAAE7}.Release|Any CPU.ActiveCfg = Release|Any CPU
		{166B304A-CE80-4B31-85CA-5BEE98ABAAE7}.Release|Any CPU.Build.0 = Release|Any CPU
		{51A1569D-B0CE-46DD-A2BC-57AA49F917F0}.Debug|Any CPU.ActiveCfg = Debug|Any CPU
		{51A1569D-B0CE-46DD-A2BC-57AA49F917F0}.Debug|Any CPU.Build.0 = Debug|Any CPU
		{51A1569D-B0CE-46DD-A2BC-57AA49F917F0}.Release|Any CPU.ActiveCfg = Release|Any CPU
		{51A1569D-B0CE-46DD-A2BC-57AA49F917F0}.Release|Any CPU.Build.0 = Release|Any CPU
		{5B7FE29A-55ED-4B13-98C0-5226F8B0C04E}.Debug|Any CPU.ActiveCfg = Debug|Any CPU
		{5B7FE29A-55ED-4B13-98C0-5226F8B0C04E}.Debug|Any CPU.Build.0 = Debug|Any CPU
		{5B7FE29A-55ED-4B13-98C0-5226F8B0C04E}.Release|Any CPU.ActiveCfg = Release|Any CPU
		{5B7FE29A-55ED-4B13-98C0-5226F8B0C04E}.Release|Any CPU.Build.0 = Release|Any CPU
		{40F75256-8346-40D2-A32D-8FA9344A9AF3}.Debug|Any CPU.ActiveCfg = Debug|Any CPU
		{40F75256-8346-40D2-A32D-8FA9344A9AF3}.Debug|Any CPU.Build.0 = Debug|Any CPU
		{40F75256-8346-40D2-A32D-8FA9344A9AF3}.Release|Any CPU.ActiveCfg = Release|Any CPU
		{40F75256-8346-40D2-A32D-8FA9344A9AF3}.Release|Any CPU.Build.0 = Release|Any CPU
		{F3DC3628-9C5B-4ED6-AC60-4E1213ACE4B8}.Debug|Any CPU.ActiveCfg = Debug|Any CPU
		{F3DC3628-9C5B-4ED6-AC60-4E1213ACE4B8}.Debug|Any CPU.Build.0 = Debug|Any CPU
		{F3DC3628-9C5B-4ED6-AC60-4E1213ACE4B8}.Release|Any CPU.ActiveCfg = Release|Any CPU
		{F3DC3628-9C5B-4ED6-AC60-4E1213ACE4B8}.Release|Any CPU.Build.0 = Release|Any CPU
		{04315E2A-2F45-44C2-A28E-B4EEE0E556BD}.Debug|Any CPU.ActiveCfg = Debug|Any CPU
		{04315E2A-2F45-44C2-A28E-B4EEE0E556BD}.Debug|Any CPU.Build.0 = Debug|Any CPU
		{04315E2A-2F45-44C2-A28E-B4EEE0E556BD}.Release|Any CPU.ActiveCfg = Release|Any CPU
		{04315E2A-2F45-44C2-A28E-B4EEE0E556BD}.Release|Any CPU.Build.0 = Release|Any CPU
		{DC1B8559-6C05-40F2-A2EB-2BD8B7F4D22F}.Debug|Any CPU.ActiveCfg = Debug|Any CPU
		{DC1B8559-6C05-40F2-A2EB-2BD8B7F4D22F}.Debug|Any CPU.Build.0 = Debug|Any CPU
		{DC1B8559-6C05-40F2-A2EB-2BD8B7F4D22F}.Release|Any CPU.ActiveCfg = Release|Any CPU
		{DC1B8559-6C05-40F2-A2EB-2BD8B7F4D22F}.Release|Any CPU.Build.0 = Release|Any CPU
		{88DE0D9F-86A2-444B-8A79-3F65442120AB}.Debug|Any CPU.ActiveCfg = Debug|Any CPU
		{88DE0D9F-86A2-444B-8A79-3F65442120AB}.Debug|Any CPU.Build.0 = Debug|Any CPU
		{88DE0D9F-86A2-444B-8A79-3F65442120AB}.Release|Any CPU.ActiveCfg = Release|Any CPU
		{88DE0D9F-86A2-444B-8A79-3F65442120AB}.Release|Any CPU.Build.0 = Release|Any CPU
	EndGlobalSection
	GlobalSection(SolutionProperties) = preSolution
		HideSolutionNode = FALSE
	EndGlobalSection
	GlobalSection(NestedProjects) = preSolution
		{2574F603-4B6C-4A30-BFDD-E3BC09EEDFDF} = {8A34D678-C6BF-4705-9944-83E258B4A9E1}
		{2402FAFD-FAC6-498D-B4BE-25103B57F261} = {8A34D678-C6BF-4705-9944-83E258B4A9E1}
		{2868DE82-8640-4622-8B85-C7B3AD3D4A40} = {8A34D678-C6BF-4705-9944-83E258B4A9E1}
		{166B304A-CE80-4B31-85CA-5BEE98ABAAE7} = {8A34D678-C6BF-4705-9944-83E258B4A9E1}
		{51A1569D-B0CE-46DD-A2BC-57AA49F917F0} = {8A34D678-C6BF-4705-9944-83E258B4A9E1}
		{5B7FE29A-55ED-4B13-98C0-5226F8B0C04E} = {8A34D678-C6BF-4705-9944-83E258B4A9E1}
		{B899E4C4-DD87-4204-A5D2-3AB7CA22E3AF} = {092598F2-9338-4A67-A29F-B99A715FF698}
		{EC1F810C-4595-4519-B3CA-96886E48D460} = {092598F2-9338-4A67-A29F-B99A715FF698}
		{F3DC3628-9C5B-4ED6-AC60-4E1213ACE4B8} = {B899E4C4-DD87-4204-A5D2-3AB7CA22E3AF}
		{04315E2A-2F45-44C2-A28E-B4EEE0E556BD} = {B899E4C4-DD87-4204-A5D2-3AB7CA22E3AF}
		{DC1B8559-6C05-40F2-A2EB-2BD8B7F4D22F} = {B899E4C4-DD87-4204-A5D2-3AB7CA22E3AF}
		{88DE0D9F-86A2-444B-8A79-3F65442120AB} = {B899E4C4-DD87-4204-A5D2-3AB7CA22E3AF}
	EndGlobalSection
	GlobalSection(ExtensibilityGlobals) = postSolution
		SolutionGuid = {88D7B35B-17E9-443D-8E03-A3327E1620AE}
	EndGlobalSection
EndGlobal
